Microsoft Visual Studio Solution File, Format Version 12.00
# Visual Studio Version 17
VisualStudioVersion = 17.5.2.0
MinimumVisualStudioVersion = 10.0.40219.1
Project("{FAE04EC0-301F-11D3-BF4B-00C04F79EFBC}") = "my-console-app", "my-console-app\my-console-app.csproj", "{1D8601EA-2BC5-9BAD-CFAA-649398CFA2B9}"
EndProject
Project("{FAE04EC0-301F-11D3-BF4B-00C04F79EFBC}") = "my-test-project", "my-test-project\my-test-project.csproj", "{B83A983A-A7D9-49BA-B3D4-5462D11AE118}"
EndProject
Project("{FAE04EC0-301F-11D3-BF4B-00C04F79EFBC}") = "PizzaStore", "PizzaStore\PizzaStore.csproj", "{8ACDC3DB-74F5-461A-899F-9EB42D113FCE}"
EndProject
Global
	GlobalSection(SolutionConfigurationPlatforms) = preSolution
		Debug|Any CPU = Debug|Any CPU
		Release|Any CPU = Release|Any CPU
	EndGlobalSection
	GlobalSection(ProjectConfigurationPlatforms) = postSolution
		{1D8601EA-2BC5-9BAD-CFAA-649398CFA2B9}.Debug|Any CPU.ActiveCfg = Debug|Any CPU
		{1D8601EA-2BC5-9BAD-CFAA-649398CFA2B9}.Debug|Any CPU.Build.0 = Debug|Any CPU
		{1D8601EA-2BC5-9BAD-CFAA-649398CFA2B9}.Release|Any CPU.ActiveCfg = Release|Any CPU
		{1D8601EA-2BC5-9BAD-CFAA-649398CFA2B9}.Release|Any CPU.Build.0 = Release|Any CPU
		{B83A983A-A7D9-49BA-B3D4-5462D11AE118}.Debug|Any CPU.ActiveCfg = Debug|Any CPU
		{B83A983A-A7D9-49BA-B3D4-5462D11AE118}.Debug|Any CPU.Build.0 = Debug|Any CPU
		{B83A983A-A7D9-49BA-B3D4-5462D11AE118}.Release|Any CPU.ActiveCfg = Release|Any CPU
		{B83A983A-A7D9-49BA-B3D4-5462D11AE118}.Release|Any CPU.Build.0 = Release|Any CPU
		{8ACDC3DB-74F5-461A-899F-9EB42D113FCE}.Debug|Any CPU.ActiveCfg = Debug|Any CPU
		{8ACDC3DB-74F5-461A-899F-9EB42D113FCE}.Debug|Any CPU.Build.0 = Debug|Any CPU
		{8ACDC3DB-74F5-461A-899F-9EB42D113FCE}.Release|Any CPU.ActiveCfg = Release|Any CPU
		{8ACDC3DB-74F5-461A-899F-9EB42D113FCE}.Release|Any CPU.Build.0 = Release|Any CPU
	EndGlobalSection
	GlobalSection(SolutionProperties) = preSolution
		HideSolutionNode = FALSE
	EndGlobalSection
	GlobalSection(ExtensibilityGlobals) = postSolution
		SolutionGuid = {6A6566C0-4BED-431D-B524-F4E999DD28B4}
	EndGlobalSection
EndGlobal
